
Microsoft Visual Studio Solution File, Format Version 12.00
# Visual Studio Version 17
VisualStudioVersion = 17.0.31903.59
MinimumVisualStudioVersion = 10.0.40219.1
Project("{FAE04EC0-301F-11D3-BF4B-00C04F79EFBC}") = "RadarTalentos.API", "RadarTalentos.API\RadarTalentos.API.csproj", "{2AB3D78B-40FF-465D-9807-B478F04B8AA7}"
EndProject
Project("{FAE04EC0-301F-11D3-BF4B-00C04F79EFBC}") = "RadarTalentos.Tests", "RadarTalentos.Tests\RadarTalentos.Tests.csproj", "{2DA042D5-13AD-40DB-9947-068A55F0D471}"
EndProject
Global
	GlobalSection(SolutionConfigurationPlatforms) = preSolution
		Debug|Any CPU = Debug|Any CPU
		Debug|x64 = Debug|x64
		Debug|x86 = Debug|x86
		Release|Any CPU = Release|Any CPU
		Release|x64 = Release|x64
		Release|x86 = Release|x86
	EndGlobalSection
	GlobalSection(ProjectConfigurationPlatforms) = postSolution
		{2AB3D78B-40FF-465D-9807-B478F04B8AA7}.Debug|Any CPU.ActiveCfg = Debug|Any CPU
		{2AB3D78B-40FF-465D-9807-B478F04B8AA7}.Debug|Any CPU.Build.0 = Debug|Any CPU
		{2AB3D78B-40FF-465D-9807-B478F04B8AA7}.Debug|x64.ActiveCfg = Debug|Any CPU
		{2AB3D78B-40FF-465D-9807-B478F04B8AA7}.Debug|x64.Build.0 = Debug|Any CPU
		{2AB3D78B-40FF-465D-9807-B478F04B8AA7}.Debug|x86.ActiveCfg = Debug|Any CPU
		{2AB3D78B-40FF-465D-9807-B478F04B8AA7}.Debug|x86.Build.0 = Debug|Any CPU
		{2AB3D78B-40FF-465D-9807-B478F04B8AA7}.Release|Any CPU.ActiveCfg = Release|Any CPU
		{2AB3D78B-40FF-465D-9807-B478F04B8AA7}.Release|Any CPU.Build.0 = Release|Any CPU
		{2AB3D78B-40FF-465D-9807-B478F04B8AA7}.Release|x64.ActiveCfg = Release|Any CPU
		{2AB3D78B-40FF-465D-9807-B478F04B8AA7}.Release|x64.Build.0 = Release|Any CPU
		{2AB3D78B-40FF-465D-9807-B478F04B8AA7}.Release|x86.ActiveCfg = Release|Any CPU
		{2AB3D78B-40FF-465D-9807-B478F04B8AA7}.Release|x86.Build.0 = Release|Any CPU
		{2DA042D5-13AD-40DB-9947-068A55F0D471}.Debug|Any CPU.ActiveCfg = Debug|Any CPU
		{2DA042D5-13AD-40DB-9947-068A55F0D471}.Debug|Any CPU.Build.0 = Debug|Any CPU
		{2DA042D5-13AD-40DB-9947-068A55F0D471}.Debug|x64.ActiveCfg = Debug|Any CPU
		{2DA042D5-13AD-40DB-9947-068A55F0D471}.Debug|x64.Build.0 = Debug|Any CPU
		{2DA042D5-13AD-40DB-9947-068A55F0D471}.Debug|x86.ActiveCfg = Debug|Any CPU
		{2DA042D5-13AD-40DB-9947-068A55F0D471}.Debug|x86.Build.0 = Debug|Any CPU
		{2DA042D5-13AD-40DB-9947-068A55F0D471}.Release|Any CPU.ActiveCfg = Release|Any CPU
		{2DA042D5-13AD-40DB-9947-068A55F0D471}.Release|Any CPU.Build.0 = Release|Any CPU
		{2DA042D5-13AD-40DB-9947-068A55F0D471}.Release|x64.ActiveCfg = Release|Any CPU
		{2DA042D5-13AD-40DB-9947-068A55F0D471}.Release|x64.Build.0 = Release|Any CPU
		{2DA042D5-13AD-40DB-9947-068A55F0D471}.Release|x86.ActiveCfg = Release|Any CPU
		{2DA042D5-13AD-40DB-9947-068A55F0D471}.Release|x86.Build.0 = Release|Any CPU
	EndGlobalSection
	GlobalSection(SolutionProperties) = preSolution
		HideSolutionNode = FALSE
	EndGlobalSection
EndGlobal
